
Microsoft Visual Studio Solution File, Format Version 12.00
# Visual Studio Version 17
VisualStudioVersion = 17.5.002.0
MinimumVisualStudioVersion = 10.0.40219.1
Project("{9A19103F-16F7-4668-BE54-9A1E7A4F7556}") = "api", "api\api.csproj", "{3AE3BA7E-B027-46C9-8BA1-BB6286ED7055}"
EndProject
Global
	GlobalSection(SolutionConfigurationPlatforms) = preSolution
		Debug|Any CPU = Debug|Any CPU
		Release|Any CPU = Release|Any CPU
	EndGlobalSection
	GlobalSection(ProjectConfigurationPlatforms) = postSolution
		{3AE3BA7E-B027-46C9-8BA1-BB6286ED7055}.Debug|Any CPU.ActiveCfg = Debug|Any CPU
		{3AE3BA7E-B027-46C9-8BA1-BB6286ED7055}.Debug|Any CPU.Build.0 = Debug|Any CPU
		{3AE3BA7E-B027-46C9-8BA1-BB6286ED7055}.Release|Any CPU.ActiveCfg = Release|Any CPU
		{3AE3BA7E-B027-46C9-8BA1-BB6286ED7055}.Release|Any CPU.Build.0 = Release|Any CPU
	EndGlobalSection
	GlobalSection(SolutionProperties) = preSolution
		HideSolutionNode = FALSE
	EndGlobalSection
	GlobalSection(ExtensibilityGlobals) = postSolution
		SolutionGuid = {E92D33FE-B2CD-4AAA-8C90-4452FF0FAD70}
	EndGlobalSection
EndGlobal
